// !$*UTF8*$!
{
	archiveVersion = 1;
	classes = {
	};
	objectVersion = 56;
	objects = {

/* Begin PBXBuildFile section */
		11661CF22911BDE20009D41E /* Montserrat-ExtraBold.ttf in Resources */ = {isa = PBXBuildFile; fileRef = 11661CED2911BDE20009D41E /* Montserrat-ExtraBold.ttf */; };
		11661CF32911BDE20009D41E /* Montserrat-Bold.ttf in Resources */ = {isa = PBXBuildFile; fileRef = 11661CEE2911BDE20009D41E /* Montserrat-Bold.ttf */; };
		11661CF42911BDE20009D41E /* Montserrat-Medium.ttf in Resources */ = {isa = PBXBuildFile; fileRef = 11661CEF2911BDE20009D41E /* Montserrat-Medium.ttf */; };
		11661CF52911BDE20009D41E /* Montserrat-Regular.ttf in Resources */ = {isa = PBXBuildFile; fileRef = 11661CF02911BDE20009D41E /* Montserrat-Regular.ttf */; };
		11661CF62911BDE20009D41E /* Montserrat-SemiBold.ttf in Resources */ = {isa = PBXBuildFile; fileRef = 11661CF12911BDE20009D41E /* Montserrat-SemiBold.ttf */; };
		11E00C0E2912699A00387AF1 /* XCAssets+Generated.swift in Sources */ = {isa = PBXBuildFile; fileRef = 11E00C0D2912699A00387AF1 /* XCAssets+Generated.swift */; };
		11E00C122912776E00387AF1 /* XCFonts+Generated.swift in Sources */ = {isa = PBXBuildFile; fileRef = 11E00C112912776E00387AF1 /* XCFonts+Generated.swift */; };
		11E00C142912788000387AF1 /* UIFont++.swift in Sources */ = {isa = PBXBuildFile; fileRef = 11E00C132912788000387AF1 /* UIFont++.swift */; };
		11E00C162912789F00387AF1 /* UIColor++.swift in Sources */ = {isa = PBXBuildFile; fileRef = 11E00C152912789F00387AF1 /* UIColor++.swift */; };
		863E34C92914178E008A733D /* CollectionViewCell.swift in Sources */ = {isa = PBXBuildFile; fileRef = 863E34C82914178E008A733D /* CollectionViewCell.swift */; };
		863E34CB2914181B008A733D /* horizontalSV.swift in Sources */ = {isa = PBXBuildFile; fileRef = 863E34CA2914181B008A733D /* horizontalSV.swift */; };
		863E34CD29141826008A733D /* verticalSV.swift in Sources */ = {isa = PBXBuildFile; fileRef = 863E34CC29141826008A733D /* verticalSV.swift */; };
		86CFED392914517E00A8B09F /* ViewControllerII.swift in Sources */ = {isa = PBXBuildFile; fileRef = 86CFED382914517E00A8B09F /* ViewControllerII.swift */; };
		86CFED3D2914568500A8B09F /* GLikeCommentButton.swift in Sources */ = {isa = PBXBuildFile; fileRef = 86CFED3C2914568500A8B09F /* GLikeCommentButton.swift */; };
		F86A523B29129E2D00FD5D7D /* UIView++.swift in Sources */ = {isa = PBXBuildFile; fileRef = F86A523A29129E2D00FD5D7D /* UIView++.swift */; };
		F86A523E2912ADCB00FD5D7D /* GButton.swift in Sources */ = {isa = PBXBuildFile; fileRef = F86A523D2912ADCB00FD5D7D /* GButton.swift */; };
		F86A52412912AFBE00FD5D7D /* GLabel.swift in Sources */ = {isa = PBXBuildFile; fileRef = F86A52402912AFBE00FD5D7D /* GLabel.swift */; };
		F8A11C67291115CA007AFFF4 /* AppDelegate.swift in Sources */ = {isa = PBXBuildFile; fileRef = F8A11C66291115CA007AFFF4 /* AppDelegate.swift */; };
		F8A11C69291115CA007AFFF4 /* SceneDelegate.swift in Sources */ = {isa = PBXBuildFile; fileRef = F8A11C68291115CA007AFFF4 /* SceneDelegate.swift */; };
		F8A11C6B291115CA007AFFF4 /* ViewController.swift in Sources */ = {isa = PBXBuildFile; fileRef = F8A11C6A291115CA007AFFF4 /* ViewController.swift */; };
		F8A11C70291115CC007AFFF4 /* Assets.xcassets in Resources */ = {isa = PBXBuildFile; fileRef = F8A11C6F291115CC007AFFF4 /* Assets.xcassets */; };
		F8A11C73291115CC007AFFF4 /* LaunchScreen.storyboard in Resources */ = {isa = PBXBuildFile; fileRef = F8A11C71291115CC007AFFF4 /* LaunchScreen.storyboard */; };
		F8F42BFA2911862700679E15 /* GRectangleButton.swift in Sources */ = {isa = PBXBuildFile; fileRef = F8F42BF92911862700679E15 /* GRectangleButton.swift */; };
/* End PBXBuildFile section */

/* Begin PBXCopyFilesBuildPhase section */
		F8F42BEB2911506C00679E15 /* Embed Frameworks */ = {
			isa = PBXCopyFilesBuildPhase;
			buildActionMask = 2147483647;
			dstPath = "";
			dstSubfolderSpec = 10;
			files = (
			);
			name = "Embed Frameworks";
			runOnlyForDeploymentPostprocessing = 0;
		};
/* End PBXCopyFilesBuildPhase section */

/* Begin PBXFileReference section */
		11661CED2911BDE20009D41E /* Montserrat-ExtraBold.ttf */ = {isa = PBXFileReference; lastKnownFileType = file; path = "Montserrat-ExtraBold.ttf"; sourceTree = "<group>"; };
		11661CEE2911BDE20009D41E /* Montserrat-Bold.ttf */ = {isa = PBXFileReference; lastKnownFileType = file; path = "Montserrat-Bold.ttf"; sourceTree = "<group>"; };
		11661CEF2911BDE20009D41E /* Montserrat-Medium.ttf */ = {isa = PBXFileReference; lastKnownFileType = file; path = "Montserrat-Medium.ttf"; sourceTree = "<group>"; };
		11661CF02911BDE20009D41E /* Montserrat-Regular.ttf */ = {isa = PBXFileReference; lastKnownFileType = file; path = "Montserrat-Regular.ttf"; sourceTree = "<group>"; };
		11661CF12911BDE20009D41E /* Montserrat-SemiBold.ttf */ = {isa = PBXFileReference; lastKnownFileType = file; path = "Montserrat-SemiBold.ttf"; sourceTree = "<group>"; };
		11E00C0D2912699A00387AF1 /* XCAssets+Generated.swift */ = {isa = PBXFileReference; fileEncoding = 4; lastKnownFileType = sourcecode.swift; path = "XCAssets+Generated.swift"; sourceTree = "<group>"; };
		11E00C112912776E00387AF1 /* XCFonts+Generated.swift */ = {isa = PBXFileReference; fileEncoding = 4; lastKnownFileType = sourcecode.swift; path = "XCFonts+Generated.swift"; sourceTree = "<group>"; };
		11E00C132912788000387AF1 /* UIFont++.swift */ = {isa = PBXFileReference; lastKnownFileType = sourcecode.swift; path = "UIFont++.swift"; sourceTree = "<group>"; };
		11E00C152912789F00387AF1 /* UIColor++.swift */ = {isa = PBXFileReference; lastKnownFileType = sourcecode.swift; path = "UIColor++.swift"; sourceTree = "<group>"; };
		863E34C82914178E008A733D /* CollectionViewCell.swift */ = {isa = PBXFileReference; lastKnownFileType = sourcecode.swift; path = CollectionViewCell.swift; sourceTree = "<group>"; };
		863E34CA2914181B008A733D /* horizontalSV.swift */ = {isa = PBXFileReference; lastKnownFileType = sourcecode.swift; path = horizontalSV.swift; sourceTree = "<group>"; };
		863E34CC29141826008A733D /* verticalSV.swift */ = {isa = PBXFileReference; lastKnownFileType = sourcecode.swift; path = verticalSV.swift; sourceTree = "<group>"; };
		86CFED382914517E00A8B09F /* ViewControllerII.swift */ = {isa = PBXFileReference; lastKnownFileType = sourcecode.swift; path = ViewControllerII.swift; sourceTree = "<group>"; };
		86CFED3C2914568500A8B09F /* GLikeCommentButton.swift */ = {isa = PBXFileReference; lastKnownFileType = sourcecode.swift; path = GLikeCommentButton.swift; sourceTree = "<group>"; };
		F86A523A29129E2D00FD5D7D /* UIView++.swift */ = {isa = PBXFileReference; lastKnownFileType = sourcecode.swift; path = "UIView++.swift"; sourceTree = "<group>"; };
		F86A523D2912ADCB00FD5D7D /* GButton.swift */ = {isa = PBXFileReference; lastKnownFileType = sourcecode.swift; path = GButton.swift; sourceTree = "<group>"; };
		F86A52402912AFBE00FD5D7D /* GLabel.swift */ = {isa = PBXFileReference; lastKnownFileType = sourcecode.swift; path = GLabel.swift; sourceTree = "<group>"; };
		F8A11C63291115CA007AFFF4 /* Guidancer.app */ = {isa = PBXFileReference; explicitFileType = wrapper.application; includeInIndex = 0; path = Guidancer.app; sourceTree = BUILT_PRODUCTS_DIR; };
		F8A11C66291115CA007AFFF4 /* AppDelegate.swift */ = {isa = PBXFileReference; lastKnownFileType = sourcecode.swift; path = AppDelegate.swift; sourceTree = "<group>"; };
		F8A11C68291115CA007AFFF4 /* SceneDelegate.swift */ = {isa = PBXFileReference; lastKnownFileType = sourcecode.swift; path = SceneDelegate.swift; sourceTree = "<group>"; };
		F8A11C6A291115CA007AFFF4 /* ViewController.swift */ = {isa = PBXFileReference; lastKnownFileType = sourcecode.swift; path = ViewController.swift; sourceTree = "<group>"; };
		F8A11C6F291115CC007AFFF4 /* Assets.xcassets */ = {isa = PBXFileReference; lastKnownFileType = folder.assetcatalog; path = Assets.xcassets; sourceTree = "<group>"; };
		F8A11C72291115CC007AFFF4 /* Base */ = {isa = PBXFileReference; lastKnownFileType = file.storyboard; name = Base; path = Base.lproj/LaunchScreen.storyboard; sourceTree = "<group>"; };
		F8A11C74291115CC007AFFF4 /* Info.plist */ = {isa = PBXFileReference; lastKnownFileType = text.plist.xml; path = Info.plist; sourceTree = "<group>"; };
		F8F42BF92911862700679E15 /* GRectangleButton.swift */ = {isa = PBXFileReference; lastKnownFileType = sourcecode.swift; path = GRectangleButton.swift; sourceTree = "<group>"; };
/* End PBXFileReference section */

/* Begin PBXFrameworksBuildPhase section */
		F8A11C60291115CA007AFFF4 /* Frameworks */ = {
			isa = PBXFrameworksBuildPhase;
			buildActionMask = 2147483647;
			files = (
			);
			runOnlyForDeploymentPostprocessing = 0;
		};
/* End PBXFrameworksBuildPhase section */

/* Begin PBXGroup section */
		11661CE22911BB3B0009D41E /* Fonts */ = {
			isa = PBXGroup;
			children = (
				11661CEE2911BDE20009D41E /* Montserrat-Bold.ttf */,
				11661CED2911BDE20009D41E /* Montserrat-ExtraBold.ttf */,
				11661CEF2911BDE20009D41E /* Montserrat-Medium.ttf */,
				11661CF02911BDE20009D41E /* Montserrat-Regular.ttf */,
				11661CF12911BDE20009D41E /* Montserrat-SemiBold.ttf */,
			);
			path = Fonts;
			sourceTree = "<group>";
		};
		11661CF72911BFC00009D41E /* Utils */ = {
			isa = PBXGroup;
			children = (
				11E00C112912776E00387AF1 /* XCFonts+Generated.swift */,
				11E00C0D2912699A00387AF1 /* XCAssets+Generated.swift */,
			);
			path = Utils;
			sourceTree = "<group>";
		};
		863E34C729141745008A733D /* CollectionViewCell */ = {
			isa = PBXGroup;
			children = (
				863E34C82914178E008A733D /* CollectionViewCell.swift */,
				863E34CA2914181B008A733D /* horizontalSV.swift */,
				863E34CC29141826008A733D /* verticalSV.swift */,
				86CFED382914517E00A8B09F /* ViewControllerII.swift */,
			);
			path = CollectionViewCell;
			sourceTree = "<group>";
		};
		F86A523929129E1B00FD5D7D /* Extensions */ = {
			isa = PBXGroup;
			children = (
				F86A523A29129E2D00FD5D7D /* UIView++.swift */,
				11E00C132912788000387AF1 /* UIFont++.swift */,
				11E00C152912789F00387AF1 /* UIColor++.swift */,
			);
			path = Extensions;
			sourceTree = "<group>";
		};
		F86A523F2912AF9300FD5D7D /* Labels */ = {
			isa = PBXGroup;
			children = (
				F86A52402912AFBE00FD5D7D /* GLabel.swift */,
			);
			path = Labels;
			sourceTree = "<group>";
		};
		F8A11C5A291115CA007AFFF4 = {
			isa = PBXGroup;
			children = (
				F8A11C65291115CA007AFFF4 /* Guidancer */,
				F8F42BF829116CF300679E15 /* GuidancerUI */,
				F8A11C64291115CA007AFFF4 /* Products */,
			);
			sourceTree = "<group>";
		};
		F8A11C64291115CA007AFFF4 /* Products */ = {
			isa = PBXGroup;
			children = (
				F8A11C63291115CA007AFFF4 /* Guidancer.app */,
			);
			name = Products;
			sourceTree = "<group>";
		};
		F8A11C65291115CA007AFFF4 /* Guidancer */ = {
			isa = PBXGroup;
			children = (
				F86A523929129E1B00FD5D7D /* Extensions */,
				F8F42BFC2911932100679E15 /* Application */,
				F8F42BFF291193AA00679E15 /* Modules */,
				F8F42BFB291192D900679E15 /* Resources */,
				F8A11C74291115CC007AFFF4 /* Info.plist */,
			);
			path = Guidancer;
			sourceTree = "<group>";
		};
		F8F42BF829116CF300679E15 /* GuidancerUI */ = {
			isa = PBXGroup;
			children = (
				863E34C729141745008A733D /* CollectionViewCell */,
				F86A523F2912AF9300FD5D7D /* Labels */,
				F8F42BFD2911937500679E15 /* Buttons */,
			);
			path = GuidancerUI;
			sourceTree = "<group>";
		};
		F8F42BFB291192D900679E15 /* Resources */ = {
			isa = PBXGroup;
			children = (
				11661CF72911BFC00009D41E /* Utils */,
				11661CE22911BB3B0009D41E /* Fonts */,
				F8A11C6F291115CC007AFFF4 /* Assets.xcassets */,
			);
			path = Resources;
			sourceTree = "<group>";
		};
		F8F42BFC2911932100679E15 /* Application */ = {
			isa = PBXGroup;
			children = (
				F8A11C66291115CA007AFFF4 /* AppDelegate.swift */,
				F8A11C68291115CA007AFFF4 /* SceneDelegate.swift */,
				F8A11C71291115CC007AFFF4 /* LaunchScreen.storyboard */,
			);
			path = Application;
			sourceTree = "<group>";
		};
		F8F42BFD2911937500679E15 /* Buttons */ = {
			isa = PBXGroup;
			children = (
				F8F42BF92911862700679E15 /* GRectangleButton.swift */,
				F86A523D2912ADCB00FD5D7D /* GButton.swift */,
				86CFED3C2914568500A8B09F /* GLikeCommentButton.swift */,
			);
			path = Buttons;
			sourceTree = "<group>";
		};
		F8F42BFE2911938E00679E15 /* Login */ = {
			isa = PBXGroup;
			children = (
				F8F42C00291193B800679E15 /* Controller */,
			);
			path = Login;
			sourceTree = "<group>";
		};
		F8F42BFF291193AA00679E15 /* Modules */ = {
			isa = PBXGroup;
			children = (
				F8F42BFE2911938E00679E15 /* Login */,
			);
			path = Modules;
			sourceTree = "<group>";
		};
		F8F42C00291193B800679E15 /* Controller */ = {
			isa = PBXGroup;
			children = (
				F8A11C6A291115CA007AFFF4 /* ViewController.swift */,
			);
			path = Controller;
			sourceTree = "<group>";
		};
/* End PBXGroup section */

/* Begin PBXNativeTarget section */
		F8A11C62291115CA007AFFF4 /* Guidancer */ = {
			isa = PBXNativeTarget;
			buildConfigurationList = F8A11C77291115CC007AFFF4 /* Build configuration list for PBXNativeTarget "Guidancer" */;
			buildPhases = (
				11661CFA2911C10B0009D41E /* SwiftGen */,
				F8A11C5F291115CA007AFFF4 /* Sources */,
				F8A11C60291115CA007AFFF4 /* Frameworks */,
				F8A11C61291115CA007AFFF4 /* Resources */,
				F8F42BEB2911506C00679E15 /* Embed Frameworks */,
			);
			buildRules = (
			);
			dependencies = (
			);
			name = Guidancer;
			productName = Guidancer;
			productReference = F8A11C63291115CA007AFFF4 /* Guidancer.app */;
			productType = "com.apple.product-type.application";
		};
/* End PBXNativeTarget section */

/* Begin PBXProject section */
		F8A11C5B291115CA007AFFF4 /* Project object */ = {
			isa = PBXProject;
			attributes = {
				BuildIndependentTargetsInParallel = 1;
				LastSwiftUpdateCheck = 1400;
				LastUpgradeCheck = 1400;
				TargetAttributes = {
					F8A11C62291115CA007AFFF4 = {
						CreatedOnToolsVersion = 14.0.1;
					};
				};
			};
			buildConfigurationList = F8A11C5E291115CA007AFFF4 /* Build configuration list for PBXProject "Guidancer" */;
			compatibilityVersion = "Xcode 14.0";
			developmentRegion = en;
			hasScannedForEncodings = 0;
			knownRegions = (
				en,
				Base,
			);
			mainGroup = F8A11C5A291115CA007AFFF4;
			productRefGroup = F8A11C64291115CA007AFFF4 /* Products */;
			projectDirPath = "";
			projectRoot = "";
			targets = (
				F8A11C62291115CA007AFFF4 /* Guidancer */,
			);
		};
/* End PBXProject section */

/* Begin PBXResourcesBuildPhase section */
		F8A11C61291115CA007AFFF4 /* Resources */ = {
			isa = PBXResourcesBuildPhase;
			buildActionMask = 2147483647;
			files = (
				11661CF52911BDE20009D41E /* Montserrat-Regular.ttf in Resources */,
				11661CF32911BDE20009D41E /* Montserrat-Bold.ttf in Resources */,
				11661CF42911BDE20009D41E /* Montserrat-Medium.ttf in Resources */,
				11661CF62911BDE20009D41E /* Montserrat-SemiBold.ttf in Resources */,
				F8A11C73291115CC007AFFF4 /* LaunchScreen.storyboard in Resources */,
				11661CF22911BDE20009D41E /* Montserrat-ExtraBold.ttf in Resources */,
				F8A11C70291115CC007AFFF4 /* Assets.xcassets in Resources */,
			);
			runOnlyForDeploymentPostprocessing = 0;
		};
/* End PBXResourcesBuildPhase section */

/* Begin PBXShellScriptBuildPhase section */
		11661CFA2911C10B0009D41E /* SwiftGen */ = {
			isa = PBXShellScriptBuildPhase;
			buildActionMask = 2147483647;
			files = (
			);
			inputFileListPaths = (
			);
			inputPaths = (
			);
			name = SwiftGen;
			outputFileListPaths = (
			);
			outputPaths = (
			);
			runOnlyForDeploymentPostprocessing = 0;
			shellPath = /bin/sh;
			shellScript = "${PROJECT_DIR}/Generation/bin/swiftgen xcassets Guidancer/Resources/Assets.xcassets --templateName swift5 --output \"Guidancer/Resources/Utils/XCAssets+Generated.swift\" --param forceProvidesNamespaces\n${PROJECT_DIR}/Generation/bin/swiftgen fonts Guidancer/Resources/Fonts --templateName swift5 --output \"Guidancer/Resources/Utils/XCFonts+Generated.swift\"\n";
		};
/* End PBXShellScriptBuildPhase section */

/* Begin PBXSourcesBuildPhase section */
		F8A11C5F291115CA007AFFF4 /* Sources */ = {
			isa = PBXSourcesBuildPhase;
			buildActionMask = 2147483647;
			files = (
				11E00C0E2912699A00387AF1 /* XCAssets+Generated.swift in Sources */,
				11E00C122912776E00387AF1 /* XCFonts+Generated.swift in Sources */,
				863E34C92914178E008A733D /* CollectionViewCell.swift in Sources */,
				F86A523B29129E2D00FD5D7D /* UIView++.swift in Sources */,
				F86A523E2912ADCB00FD5D7D /* GButton.swift in Sources */,
				F8A11C6B291115CA007AFFF4 /* ViewController.swift in Sources */,
				F86A52412912AFBE00FD5D7D /* GLabel.swift in Sources */,
				11E00C142912788000387AF1 /* UIFont++.swift in Sources */,
				F8A11C67291115CA007AFFF4 /* AppDelegate.swift in Sources */,
				11E00C162912789F00387AF1 /* UIColor++.swift in Sources */,
				F8F42BFA2911862700679E15 /* GRectangleButton.swift in Sources */,
				863E34CB2914181B008A733D /* horizontalSV.swift in Sources */,
				863E34CD29141826008A733D /* verticalSV.swift in Sources */,
				86CFED392914517E00A8B09F /* ViewControllerII.swift in Sources */,
				86CFED3D2914568500A8B09F /* GLikeCommentButton.swift in Sources */,
				F8A11C69291115CA007AFFF4 /* SceneDelegate.swift in Sources */,
			);
			runOnlyForDeploymentPostprocessing = 0;
		};
/* End PBXSourcesBuildPhase section */

/* Begin PBXVariantGroup section */
		F8A11C71291115CC007AFFF4 /* LaunchScreen.storyboard */ = {
			isa = PBXVariantGroup;
			children = (
				F8A11C72291115CC007AFFF4 /* Base */,
			);
			name = LaunchScreen.storyboard;
			sourceTree = "<group>";
		};
/* End PBXVariantGroup section */

/* Begin XCBuildConfiguration section */
		F8A11C75291115CC007AFFF4 /* Debug */ = {
			isa = XCBuildConfiguration;
			buildSettings = {
				ALWAYS_SEARCH_USER_PATHS = NO;
				CLANG_ANALYZER_NONNULL = YES;
				CLANG_ANALYZER_NUMBER_OBJECT_CONVERSION = YES_AGGRESSIVE;
				CLANG_CXX_LANGUAGE_STANDARD = "gnu++20";
				CLANG_ENABLE_MODULES = YES;
				CLANG_ENABLE_OBJC_ARC = YES;
				CLANG_ENABLE_OBJC_WEAK = YES;
				CLANG_WARN_BLOCK_CAPTURE_AUTORELEASING = YES;
				CLANG_WARN_BOOL_CONVERSION = YES;
				CLANG_WARN_COMMA = YES;
				CLANG_WARN_CONSTANT_CONVERSION = YES;
				CLANG_WARN_DEPRECATED_OBJC_IMPLEMENTATIONS = YES;
				CLANG_WARN_DIRECT_OBJC_ISA_USAGE = YES_ERROR;
				CLANG_WARN_DOCUMENTATION_COMMENTS = YES;
				CLANG_WARN_EMPTY_BODY = YES;
				CLANG_WARN_ENUM_CONVERSION = YES;
				CLANG_WARN_INFINITE_RECURSION = YES;
				CLANG_WARN_INT_CONVERSION = YES;
				CLANG_WARN_NON_LITERAL_NULL_CONVERSION = YES;
				CLANG_WARN_OBJC_IMPLICIT_RETAIN_SELF = YES;
				CLANG_WARN_OBJC_LITERAL_CONVERSION = YES;
				CLANG_WARN_OBJC_ROOT_CLASS = YES_ERROR;
				CLANG_WARN_QUOTED_INCLUDE_IN_FRAMEWORK_HEADER = YES;
				CLANG_WARN_RANGE_LOOP_ANALYSIS = YES;
				CLANG_WARN_STRICT_PROTOTYPES = YES;
				CLANG_WARN_SUSPICIOUS_MOVE = YES;
				CLANG_WARN_UNGUARDED_AVAILABILITY = YES_AGGRESSIVE;
				CLANG_WARN_UNREACHABLE_CODE = YES;
				CLANG_WARN__DUPLICATE_METHOD_MATCH = YES;
				COPY_PHASE_STRIP = NO;
				DEBUG_INFORMATION_FORMAT = dwarf;
				ENABLE_STRICT_OBJC_MSGSEND = YES;
				ENABLE_TESTABILITY = YES;
				GCC_C_LANGUAGE_STANDARD = gnu11;
				GCC_DYNAMIC_NO_PIC = NO;
				GCC_NO_COMMON_BLOCKS = YES;
				GCC_OPTIMIZATION_LEVEL = 0;
				GCC_PREPROCESSOR_DEFINITIONS = (
					"DEBUG=1",
					"$(inherited)",
				);
				GCC_WARN_64_TO_32_BIT_CONVERSION = YES;
				GCC_WARN_ABOUT_RETURN_TYPE = YES_ERROR;
				GCC_WARN_UNDECLARED_SELECTOR = YES;
				GCC_WARN_UNINITIALIZED_AUTOS = YES_AGGRESSIVE;
				GCC_WARN_UNUSED_FUNCTION = YES;
				GCC_WARN_UNUSED_VARIABLE = YES;
				IPHONEOS_DEPLOYMENT_TARGET = 15.0;
				MTL_ENABLE_DEBUG_INFO = INCLUDE_SOURCE;
				MTL_FAST_MATH = YES;
				ONLY_ACTIVE_ARCH = YES;
				SDKROOT = iphoneos;
				SWIFT_ACTIVE_COMPILATION_CONDITIONS = DEBUG;
				SWIFT_OPTIMIZATION_LEVEL = "-Onone";
			};
			name = Debug;
		};
		F8A11C76291115CC007AFFF4 /* Release */ = {
			isa = XCBuildConfiguration;
			buildSettings = {
				ALWAYS_SEARCH_USER_PATHS = NO;
				CLANG_ANALYZER_NONNULL = YES;
				CLANG_ANALYZER_NUMBER_OBJECT_CONVERSION = YES_AGGRESSIVE;
				CLANG_CXX_LANGUAGE_STANDARD = "gnu++20";
				CLANG_ENABLE_MODULES = YES;
				CLANG_ENABLE_OBJC_ARC = YES;
				CLANG_ENABLE_OBJC_WEAK = YES;
				CLANG_WARN_BLOCK_CAPTURE_AUTORELEASING = YES;
				CLANG_WARN_BOOL_CONVERSION = YES;
				CLANG_WARN_COMMA = YES;
				CLANG_WARN_CONSTANT_CONVERSION = YES;
				CLANG_WARN_DEPRECATED_OBJC_IMPLEMENTATIONS = YES;
				CLANG_WARN_DIRECT_OBJC_ISA_USAGE = YES_ERROR;
				CLANG_WARN_DOCUMENTATION_COMMENTS = YES;
				CLANG_WARN_EMPTY_BODY = YES;
				CLANG_WARN_ENUM_CONVERSION = YES;
				CLANG_WARN_INFINITE_RECURSION = YES;
				CLANG_WARN_INT_CONVERSION = YES;
				CLANG_WARN_NON_LITERAL_NULL_CONVERSION = YES;
				CLANG_WARN_OBJC_IMPLICIT_RETAIN_SELF = YES;
				CLANG_WARN_OBJC_LITERAL_CONVERSION = YES;
				CLANG_WARN_OBJC_ROOT_CLASS = YES_ERROR;
				CLANG_WARN_QUOTED_INCLUDE_IN_FRAMEWORK_HEADER = YES;
				CLANG_WARN_RANGE_LOOP_ANALYSIS = YES;
				CLANG_WARN_STRICT_PROTOTYPES = YES;
				CLANG_WARN_SUSPICIOUS_MOVE = YES;
				CLANG_WARN_UNGUARDED_AVAILABILITY = YES_AGGRESSIVE;
				CLANG_WARN_UNREACHABLE_CODE = YES;
				CLANG_WARN__DUPLICATE_METHOD_MATCH = YES;
				COPY_PHASE_STRIP = NO;
				DEBUG_INFORMATION_FORMAT = "dwarf-with-dsym";
				ENABLE_NS_ASSERTIONS = NO;
				ENABLE_STRICT_OBJC_MSGSEND = YES;
				GCC_C_LANGUAGE_STANDARD = gnu11;
				GCC_NO_COMMON_BLOCKS = YES;
				GCC_WARN_64_TO_32_BIT_CONVERSION = YES;
				GCC_WARN_ABOUT_RETURN_TYPE = YES_ERROR;
				GCC_WARN_UNDECLARED_SELECTOR = YES;
				GCC_WARN_UNINITIALIZED_AUTOS = YES_AGGRESSIVE;
				GCC_WARN_UNUSED_FUNCTION = YES;
				GCC_WARN_UNUSED_VARIABLE = YES;
				IPHONEOS_DEPLOYMENT_TARGET = 15.0;
				MTL_ENABLE_DEBUG_INFO = NO;
				MTL_FAST_MATH = YES;
				SDKROOT = iphoneos;
				SWIFT_COMPILATION_MODE = wholemodule;
				SWIFT_OPTIMIZATION_LEVEL = "-O";
				VALIDATE_PRODUCT = YES;
			};
			name = Release;
		};
		F8A11C78291115CC007AFFF4 /* Debug */ = {
			isa = XCBuildConfiguration;
			buildSettings = {
				ALWAYS_EMBED_SWIFT_STANDARD_LIBRARIES = YES;
				ASSETCATALOG_COMPILER_APPICON_NAME = AppIcon;
				ASSETCATALOG_COMPILER_GLOBAL_ACCENT_COLOR_NAME = AccentColor;
				CODE_SIGN_STYLE = Automatic;
				CURRENT_PROJECT_VERSION = 1;
				GENERATE_INFOPLIST_FILE = YES;
				INFOPLIST_FILE = Guidancer/Info.plist;
				INFOPLIST_KEY_UIApplicationSupportsIndirectInputEvents = YES;
				INFOPLIST_KEY_UILaunchStoryboardName = LaunchScreen;
				INFOPLIST_KEY_UISupportedInterfaceOrientations = UIInterfaceOrientationPortrait;
				INFOPLIST_KEY_UISupportedInterfaceOrientations_iPad = "UIInterfaceOrientationLandscapeLeft UIInterfaceOrientationLandscapeRight UIInterfaceOrientationPortrait UIInterfaceOrientationPortraitUpsideDown";
				IPHONEOS_DEPLOYMENT_TARGET = 15.0;
				LD_RUNPATH_SEARCH_PATHS = (
					"$(inherited)",
					"@executable_path/Frameworks",
				);
				MARKETING_VERSION = 1.0;
				PRODUCT_BUNDLE_IDENTIFIER = oldmaker.Guidancer;
				PRODUCT_NAME = "$(TARGET_NAME)";
				SWIFT_EMIT_LOC_STRINGS = YES;
				SWIFT_VERSION = 5.0;
				TARGETED_DEVICE_FAMILY = "1,2";
			};
			name = Debug;
		};
		F8A11C79291115CC007AFFF4 /* Release */ = {
			isa = XCBuildConfiguration;
			buildSettings = {
				ALWAYS_EMBED_SWIFT_STANDARD_LIBRARIES = YES;
				ASSETCATALOG_COMPILER_APPICON_NAME = AppIcon;
				ASSETCATALOG_COMPILER_GLOBAL_ACCENT_COLOR_NAME = AccentColor;
				CODE_SIGN_STYLE = Automatic;
				CURRENT_PROJECT_VERSION = 1;
				GENERATE_INFOPLIST_FILE = YES;
				INFOPLIST_FILE = Guidancer/Info.plist;
				INFOPLIST_KEY_UIApplicationSupportsIndirectInputEvents = YES;
				INFOPLIST_KEY_UILaunchStoryboardName = LaunchScreen;
				INFOPLIST_KEY_UISupportedInterfaceOrientations = UIInterfaceOrientationPortrait;
				INFOPLIST_KEY_UISupportedInterfaceOrientations_iPad = "UIInterfaceOrientationLandscapeLeft UIInterfaceOrientationLandscapeRight UIInterfaceOrientationPortrait UIInterfaceOrientationPortraitUpsideDown";
				IPHONEOS_DEPLOYMENT_TARGET = 15.0;
				LD_RUNPATH_SEARCH_PATHS = (
					"$(inherited)",
					"@executable_path/Frameworks",
				);
				MARKETING_VERSION = 1.0;
				PRODUCT_BUNDLE_IDENTIFIER = oldmaker.Guidancer;
				PRODUCT_NAME = "$(TARGET_NAME)";
				SWIFT_EMIT_LOC_STRINGS = YES;
				SWIFT_VERSION = 5.0;
				TARGETED_DEVICE_FAMILY = "1,2";
			};
			name = Release;
		};
/* End XCBuildConfiguration section */

/* Begin XCConfigurationList section */
		F8A11C5E291115CA007AFFF4 /* Build configuration list for PBXProject "Guidancer" */ = {
			isa = XCConfigurationList;
			buildConfigurations = (
				F8A11C75291115CC007AFFF4 /* Debug */,
				F8A11C76291115CC007AFFF4 /* Release */,
			);
			defaultConfigurationIsVisible = 0;
			defaultConfigurationName = Release;
		};
		F8A11C77291115CC007AFFF4 /* Build configuration list for PBXNativeTarget "Guidancer" */ = {
			isa = XCConfigurationList;
			buildConfigurations = (
				F8A11C78291115CC007AFFF4 /* Debug */,
				F8A11C79291115CC007AFFF4 /* Release */,
			);
			defaultConfigurationIsVisible = 0;
			defaultConfigurationName = Release;
		};
/* End XCConfigurationList section */
	};
	rootObject = F8A11C5B291115CA007AFFF4 /* Project object */;
}
